// !$*UTF8*$!
{
	archiveVersion = 1;
	classes = {
	};
	objectVersion = 56;
	objects = {

/* Begin PBXBuildFile section */
		6444F7DC2981256B00879DCB /* PokemonAppApp.swift in Sources */ = {isa = PBXBuildFile; fileRef = 6444F7DB2981256B00879DCB /* PokemonAppApp.swift */; };
		6444F7DE2981256B00879DCB /* PokemonListView.swift in Sources */ = {isa = PBXBuildFile; fileRef = 6444F7DD2981256B00879DCB /* PokemonListView.swift */; };
		6444F7E02981256D00879DCB /* Assets.xcassets in Resources */ = {isa = PBXBuildFile; fileRef = 6444F7DF2981256D00879DCB /* Assets.xcassets */; };
		6444F7E32981256D00879DCB /* Preview Assets.xcassets in Resources */ = {isa = PBXBuildFile; fileRef = 6444F7E22981256D00879DCB /* Preview Assets.xcassets */; };
		6444F7EF2981294600879DCB /* PokemonPreviewListModel.swift in Sources */ = {isa = PBXBuildFile; fileRef = 6444F7EE2981294600879DCB /* PokemonPreviewListModel.swift */; };
		6444F7F12981311A00879DCB /* PokemonListViewModel.swift in Sources */ = {isa = PBXBuildFile; fileRef = 6444F7F02981311A00879DCB /* PokemonListViewModel.swift */; };
		6444F7F4298138A300879DCB /* DetailPokemonView.swift in Sources */ = {isa = PBXBuildFile; fileRef = 6444F7F3298138A300879DCB /* DetailPokemonView.swift */; };
		6444F7F629814F0600879DCB /* DetailPokemonModel.swift in Sources */ = {isa = PBXBuildFile; fileRef = 6444F7F529814F0600879DCB /* DetailPokemonModel.swift */; };
		6444F7F82981539A00879DCB /* DetailPokemonViewModel.swift in Sources */ = {isa = PBXBuildFile; fileRef = 6444F7F72981539A00879DCB /* DetailPokemonViewModel.swift */; };
		6444F7FC29815BDA00879DCB /* DataFetcher.swift in Sources */ = {isa = PBXBuildFile; fileRef = 6444F7FB29815BDA00879DCB /* DataFetcher.swift */; };
		6444F80029815CBC00879DCB /* RequestStatuses.swift in Sources */ = {isa = PBXBuildFile; fileRef = 6444F7FF29815CBC00879DCB /* RequestStatuses.swift */; };
		6444F80329815DBC00879DCB /* CodableError.swift in Sources */ = {isa = PBXBuildFile; fileRef = 6444F80229815DBC00879DCB /* CodableError.swift */; };
		6444F80529815ED000879DCB /* NetworkError.swift in Sources */ = {isa = PBXBuildFile; fileRef = 6444F80429815ED000879DCB /* NetworkError.swift */; };
		6444F8072981611E00879DCB /* CustomError.swift in Sources */ = {isa = PBXBuildFile; fileRef = 6444F8062981611E00879DCB /* CustomError.swift */; };
		6444F80A2981644900879DCB /* Alamofire in Frameworks */ = {isa = PBXBuildFile; productRef = 6444F8092981644900879DCB /* Alamofire */; };
		6444F811298166A600879DCB /* AFError + extensions.swift in Sources */ = {isa = PBXBuildFile; fileRef = 6444F810298166A600879DCB /* AFError + extensions.swift */; };
		6444F8142981675C00879DCB /* AlamofireNetworkService.swift in Sources */ = {isa = PBXBuildFile; fileRef = 6444F8132981675C00879DCB /* AlamofireNetworkService.swift */; };
		6444F816298167B500879DCB /* NetworkDataService.swift in Sources */ = {isa = PBXBuildFile; fileRef = 6444F815298167B500879DCB /* NetworkDataService.swift */; };
		6444F819298193C800879DCB /* DataFetcherType.swift in Sources */ = {isa = PBXBuildFile; fileRef = 6444F818298193C800879DCB /* DataFetcherType.swift */; };
		6444F81B2981948F00879DCB /* DataFetcherServiceType.swift in Sources */ = {isa = PBXBuildFile; fileRef = 6444F81A2981948F00879DCB /* DataFetcherServiceType.swift */; };
		6444F81F2981955D00879DCB /* ServiceType.swift in Sources */ = {isa = PBXBuildFile; fileRef = 6444F81E2981955D00879DCB /* ServiceType.swift */; };
		6444F8212981966D00879DCB /* ParametersType.swift in Sources */ = {isa = PBXBuildFile; fileRef = 6444F8202981966D00879DCB /* ParametersType.swift */; };
		6444F82329819A1C00879DCB /* LocalError.swift in Sources */ = {isa = PBXBuildFile; fileRef = 6444F82229819A1C00879DCB /* LocalError.swift */; };
/* End PBXBuildFile section */

/* Begin PBXFileReference section */
		6444F7D82981256B00879DCB /* PokemonApp.app */ = {isa = PBXFileReference; explicitFileType = wrapper.application; includeInIndex = 0; path = PokemonApp.app; sourceTree = BUILT_PRODUCTS_DIR; };
		6444F7DB2981256B00879DCB /* PokemonAppApp.swift */ = {isa = PBXFileReference; lastKnownFileType = sourcecode.swift; path = PokemonAppApp.swift; sourceTree = "<group>"; };
		6444F7DD2981256B00879DCB /* PokemonListView.swift */ = {isa = PBXFileReference; lastKnownFileType = sourcecode.swift; path = PokemonListView.swift; sourceTree = "<group>"; };
		6444F7DF2981256D00879DCB /* Assets.xcassets */ = {isa = PBXFileReference; lastKnownFileType = folder.assetcatalog; path = Assets.xcassets; sourceTree = "<group>"; };
		6444F7E22981256D00879DCB /* Preview Assets.xcassets */ = {isa = PBXFileReference; lastKnownFileType = folder.assetcatalog; path = "Preview Assets.xcassets"; sourceTree = "<group>"; };
		6444F7EE2981294600879DCB /* PokemonPreviewListModel.swift */ = {isa = PBXFileReference; lastKnownFileType = sourcecode.swift; path = PokemonPreviewListModel.swift; sourceTree = "<group>"; };
		6444F7F02981311A00879DCB /* PokemonListViewModel.swift */ = {isa = PBXFileReference; lastKnownFileType = sourcecode.swift; path = PokemonListViewModel.swift; sourceTree = "<group>"; };
		6444F7F3298138A300879DCB /* DetailPokemonView.swift */ = {isa = PBXFileReference; lastKnownFileType = sourcecode.swift; path = DetailPokemonView.swift; sourceTree = "<group>"; };
		6444F7F529814F0600879DCB /* DetailPokemonModel.swift */ = {isa = PBXFileReference; lastKnownFileType = sourcecode.swift; path = DetailPokemonModel.swift; sourceTree = "<group>"; };
		6444F7F72981539A00879DCB /* DetailPokemonViewModel.swift */ = {isa = PBXFileReference; lastKnownFileType = sourcecode.swift; path = DetailPokemonViewModel.swift; sourceTree = "<group>"; };
		6444F7FB29815BDA00879DCB /* DataFetcher.swift */ = {isa = PBXFileReference; lastKnownFileType = sourcecode.swift; path = DataFetcher.swift; sourceTree = "<group>"; };
		6444F7FF29815CBC00879DCB /* RequestStatuses.swift */ = {isa = PBXFileReference; lastKnownFileType = sourcecode.swift; path = RequestStatuses.swift; sourceTree = "<group>"; };
		6444F80229815DBC00879DCB /* CodableError.swift */ = {isa = PBXFileReference; lastKnownFileType = sourcecode.swift; path = CodableError.swift; sourceTree = "<group>"; };
		6444F80429815ED000879DCB /* NetworkError.swift */ = {isa = PBXFileReference; lastKnownFileType = sourcecode.swift; path = NetworkError.swift; sourceTree = "<group>"; };
		6444F8062981611E00879DCB /* CustomError.swift */ = {isa = PBXFileReference; lastKnownFileType = sourcecode.swift; path = CustomError.swift; sourceTree = "<group>"; };
		6444F810298166A600879DCB /* AFError + extensions.swift */ = {isa = PBXFileReference; lastKnownFileType = sourcecode.swift; path = "AFError + extensions.swift"; sourceTree = "<group>"; };
		6444F8132981675C00879DCB /* AlamofireNetworkService.swift */ = {isa = PBXFileReference; lastKnownFileType = sourcecode.swift; path = AlamofireNetworkService.swift; sourceTree = "<group>"; };
		6444F815298167B500879DCB /* NetworkDataService.swift */ = {isa = PBXFileReference; lastKnownFileType = sourcecode.swift; path = NetworkDataService.swift; sourceTree = "<group>"; };
		6444F818298193C800879DCB /* DataFetcherType.swift */ = {isa = PBXFileReference; lastKnownFileType = sourcecode.swift; path = DataFetcherType.swift; sourceTree = "<group>"; };
		6444F81A2981948F00879DCB /* DataFetcherServiceType.swift */ = {isa = PBXFileReference; lastKnownFileType = sourcecode.swift; path = DataFetcherServiceType.swift; sourceTree = "<group>"; };
		6444F81E2981955D00879DCB /* ServiceType.swift */ = {isa = PBXFileReference; lastKnownFileType = sourcecode.swift; path = ServiceType.swift; sourceTree = "<group>"; };
		6444F8202981966D00879DCB /* ParametersType.swift */ = {isa = PBXFileReference; lastKnownFileType = sourcecode.swift; path = ParametersType.swift; sourceTree = "<group>"; };
		6444F82229819A1C00879DCB /* LocalError.swift */ = {isa = PBXFileReference; lastKnownFileType = sourcecode.swift; path = LocalError.swift; sourceTree = "<group>"; };
/* End PBXFileReference section */

/* Begin PBXFrameworksBuildPhase section */
		6444F7D52981256B00879DCB /* Frameworks */ = {
			isa = PBXFrameworksBuildPhase;
			buildActionMask = 2147483647;
			files = (
				6444F80A2981644900879DCB /* Alamofire in Frameworks */,
			);
			runOnlyForDeploymentPostprocessing = 0;
		};
/* End PBXFrameworksBuildPhase section */

/* Begin PBXGroup section */
		6444F7CF2981256B00879DCB = {
			isa = PBXGroup;
			children = (
				6444F7DA2981256B00879DCB /* PokemonApp */,
				6444F7D92981256B00879DCB /* Products */,
			);
			sourceTree = "<group>";
		};
		6444F7D92981256B00879DCB /* Products */ = {
			isa = PBXGroup;
			children = (
				6444F7D82981256B00879DCB /* PokemonApp.app */,
			);
			name = Products;
			sourceTree = "<group>";
		};
		6444F7DA2981256B00879DCB /* PokemonApp */ = {
			isa = PBXGroup;
			children = (
				6444F7F929815B8100879DCB /* Service */,
				6444F7EB298127E200879DCB /* Models */,
				6444F7EA298127B600879DCB /* ViewModels */,
				6444F7E9298127AF00879DCB /* Views */,
				6444F80D298165DD00879DCB /* Extensions */,
				6444F7EC298127EC00879DCB /* Application */,
				6444F7DF2981256D00879DCB /* Assets.xcassets */,
				6444F7E12981256D00879DCB /* Preview Content */,
			);
			path = PokemonApp;
			sourceTree = "<group>";
		};
		6444F7E12981256D00879DCB /* Preview Content */ = {
			isa = PBXGroup;
			children = (
				6444F7E22981256D00879DCB /* Preview Assets.xcassets */,
			);
			path = "Preview Content";
			sourceTree = "<group>";
		};
		6444F7E9298127AF00879DCB /* Views */ = {
			isa = PBXGroup;
			children = (
				6444F7F3298138A300879DCB /* DetailPokemonView.swift */,
				6444F7DD2981256B00879DCB /* PokemonListView.swift */,
			);
			path = Views;
			sourceTree = "<group>";
		};
		6444F7EA298127B600879DCB /* ViewModels */ = {
			isa = PBXGroup;
			children = (
				6444F7F02981311A00879DCB /* PokemonListViewModel.swift */,
				6444F7F72981539A00879DCB /* DetailPokemonViewModel.swift */,
			);
			path = ViewModels;
			sourceTree = "<group>";
		};
		6444F7EB298127E200879DCB /* Models */ = {
			isa = PBXGroup;
			children = (
				6444F7EE2981294600879DCB /* PokemonPreviewListModel.swift */,
				6444F7F529814F0600879DCB /* DetailPokemonModel.swift */,
			);
			path = Models;
			sourceTree = "<group>";
		};
		6444F7EC298127EC00879DCB /* Application */ = {
			isa = PBXGroup;
			children = (
				6444F7DB2981256B00879DCB /* PokemonAppApp.swift */,
			);
			path = Application;
			sourceTree = "<group>";
		};
		6444F7F929815B8100879DCB /* Service */ = {
			isa = PBXGroup;
			children = (
				6444F815298167B500879DCB /* NetworkDataService.swift */,
				6444F8122981674D00879DCB /* Services */,
				6444F7FA29815BB400879DCB /* DataCoders */,
				6444F7FE29815C7F00879DCB /* Helpers */,
				6444F8172981938D00879DCB /* Protocols */,
			);
			path = Service;
			sourceTree = "<group>";
		};
		6444F7FA29815BB400879DCB /* DataCoders */ = {
			isa = PBXGroup;
			children = (
				6444F7FB29815BDA00879DCB /* DataFetcher.swift */,
			);
			path = DataCoders;
			sourceTree = "<group>";
		};
		6444F7FE29815C7F00879DCB /* Helpers */ = {
			isa = PBXGroup;
			children = (
				6444F7FF29815CBC00879DCB /* RequestStatuses.swift */,
				6444F8202981966D00879DCB /* ParametersType.swift */,
				6444F80129815DA600879DCB /* Errors */,
			);
			path = Helpers;
			sourceTree = "<group>";
		};
		6444F80129815DA600879DCB /* Errors */ = {
			isa = PBXGroup;
			children = (
				6444F8062981611E00879DCB /* CustomError.swift */,
				6444F80429815ED000879DCB /* NetworkError.swift */,
				6444F80229815DBC00879DCB /* CodableError.swift */,
				6444F82229819A1C00879DCB /* LocalError.swift */,
			);
			path = Errors;
			sourceTree = "<group>";
		};
		6444F80D298165DD00879DCB /* Extensions */ = {
			isa = PBXGroup;
			children = (
				6444F810298166A600879DCB /* AFError + extensions.swift */,
			);
			path = Extensions;
			sourceTree = "<group>";
		};
		6444F8122981674D00879DCB /* Services */ = {
			isa = PBXGroup;
			children = (
				6444F8132981675C00879DCB /* AlamofireNetworkService.swift */,
			);
			path = Services;
			sourceTree = "<group>";
		};
		6444F8172981938D00879DCB /* Protocols */ = {
			isa = PBXGroup;
			children = (
				6444F81E2981955D00879DCB /* ServiceType.swift */,
				6444F818298193C800879DCB /* DataFetcherType.swift */,
				6444F81A2981948F00879DCB /* DataFetcherServiceType.swift */,
			);
			path = Protocols;
			sourceTree = "<group>";
		};
/* End PBXGroup section */

/* Begin PBXNativeTarget section */
		6444F7D72981256B00879DCB /* PokemonApp */ = {
			isa = PBXNativeTarget;
			buildConfigurationList = 6444F7E62981256D00879DCB /* Build configuration list for PBXNativeTarget "PokemonApp" */;
			buildPhases = (
				6444F7D42981256B00879DCB /* Sources */,
				6444F7D52981256B00879DCB /* Frameworks */,
				6444F7D62981256B00879DCB /* Resources */,
			);
			buildRules = (
			);
			dependencies = (
			);
			name = PokemonApp;
			packageProductDependencies = (
				6444F8092981644900879DCB /* Alamofire */,
			);
			productName = PokemonApp;
			productReference = 6444F7D82981256B00879DCB /* PokemonApp.app */;
			productType = "com.apple.product-type.application";
		};
/* End PBXNativeTarget section */

/* Begin PBXProject section */
		6444F7D02981256B00879DCB /* Project object */ = {
			isa = PBXProject;
			attributes = {
				BuildIndependentTargetsInParallel = 1;
				LastSwiftUpdateCheck = 1420;
				LastUpgradeCheck = 1420;
				TargetAttributes = {
					6444F7D72981256B00879DCB = {
						CreatedOnToolsVersion = 14.2;
					};
				};
			};
			buildConfigurationList = 6444F7D32981256B00879DCB /* Build configuration list for PBXProject "PokemonApp" */;
			compatibilityVersion = "Xcode 14.0";
			developmentRegion = en;
			hasScannedForEncodings = 0;
			knownRegions = (
				en,
				Base,
			);
			mainGroup = 6444F7CF2981256B00879DCB;
			packageReferences = (
				6444F8082981644900879DCB /* XCRemoteSwiftPackageReference "Alamofire" */,
			);
			productRefGroup = 6444F7D92981256B00879DCB /* Products */;
			projectDirPath = "";
			projectRoot = "";
			targets = (
				6444F7D72981256B00879DCB /* PokemonApp */,
			);
		};
/* End PBXProject section */

/* Begin PBXResourcesBuildPhase section */
		6444F7D62981256B00879DCB /* Resources */ = {
			isa = PBXResourcesBuildPhase;
			buildActionMask = 2147483647;
			files = (
				6444F7E32981256D00879DCB /* Preview Assets.xcassets in Resources */,
				6444F7E02981256D00879DCB /* Assets.xcassets in Resources */,
			);
			runOnlyForDeploymentPostprocessing = 0;
		};
/* End PBXResourcesBuildPhase section */

/* Begin PBXSourcesBuildPhase section */
		6444F7D42981256B00879DCB /* Sources */ = {
			isa = PBXSourcesBuildPhase;
			buildActionMask = 2147483647;
			files = (
				6444F7DE2981256B00879DCB /* PokemonListView.swift in Sources */,
				6444F7DC2981256B00879DCB /* PokemonAppApp.swift in Sources */,
				6444F7F629814F0600879DCB /* DetailPokemonModel.swift in Sources */,
				6444F8142981675C00879DCB /* AlamofireNetworkService.swift in Sources */,
				6444F7F4298138A300879DCB /* DetailPokemonView.swift in Sources */,
				6444F7F12981311A00879DCB /* PokemonListViewModel.swift in Sources */,
				6444F8212981966D00879DCB /* ParametersType.swift in Sources */,
				6444F8072981611E00879DCB /* CustomError.swift in Sources */,
				6444F82329819A1C00879DCB /* LocalError.swift in Sources */,
				6444F7F82981539A00879DCB /* DetailPokemonViewModel.swift in Sources */,
				6444F81B2981948F00879DCB /* DataFetcherServiceType.swift in Sources */,
				6444F80029815CBC00879DCB /* RequestStatuses.swift in Sources */,
				6444F816298167B500879DCB /* NetworkDataService.swift in Sources */,
				6444F80329815DBC00879DCB /* CodableError.swift in Sources */,
				6444F7EF2981294600879DCB /* PokemonPreviewListModel.swift in Sources */,
				6444F811298166A600879DCB /* AFError + extensions.swift in Sources */,
				6444F80529815ED000879DCB /* NetworkError.swift in Sources */,
				6444F7FC29815BDA00879DCB /* DataFetcher.swift in Sources */,
				6444F819298193C800879DCB /* DataFetcherType.swift in Sources */,
				6444F81F2981955D00879DCB /* ServiceType.swift in Sources */,
			);
			runOnlyForDeploymentPostprocessing = 0;
		};
/* End PBXSourcesBuildPhase section */

/* Begin XCBuildConfiguration section */
		6444F7E42981256D00879DCB /* Debug */ = {
			isa = XCBuildConfiguration;
			buildSettings = {
				ALWAYS_SEARCH_USER_PATHS = NO;
				CLANG_ANALYZER_NONNULL = YES;
				CLANG_ANALYZER_NUMBER_OBJECT_CONVERSION = YES_AGGRESSIVE;
				CLANG_CXX_LANGUAGE_STANDARD = "gnu++20";
				CLANG_ENABLE_MODULES = YES;
				CLANG_ENABLE_OBJC_ARC = YES;
				CLANG_ENABLE_OBJC_WEAK = YES;
				CLANG_WARN_BLOCK_CAPTURE_AUTORELEASING = YES;
				CLANG_WARN_BOOL_CONVERSION = YES;
				CLANG_WARN_COMMA = YES;
				CLANG_WARN_CONSTANT_CONVERSION = YES;
				CLANG_WARN_DEPRECATED_OBJC_IMPLEMENTATIONS = YES;
				CLANG_WARN_DIRECT_OBJC_ISA_USAGE = YES_ERROR;
				CLANG_WARN_DOCUMENTATION_COMMENTS = YES;
				CLANG_WARN_EMPTY_BODY = YES;
				CLANG_WARN_ENUM_CONVERSION = YES;
				CLANG_WARN_INFINITE_RECURSION = YES;
				CLANG_WARN_INT_CONVERSION = YES;
				CLANG_WARN_NON_LITERAL_NULL_CONVERSION = YES;
				CLANG_WARN_OBJC_IMPLICIT_RETAIN_SELF = YES;
				CLANG_WARN_OBJC_LITERAL_CONVERSION = YES;
				CLANG_WARN_OBJC_ROOT_CLASS = YES_ERROR;
				CLANG_WARN_QUOTED_INCLUDE_IN_FRAMEWORK_HEADER = YES;
				CLANG_WARN_RANGE_LOOP_ANALYSIS = YES;
				CLANG_WARN_STRICT_PROTOTYPES = YES;
				CLANG_WARN_SUSPICIOUS_MOVE = YES;
				CLANG_WARN_UNGUARDED_AVAILABILITY = YES_AGGRESSIVE;
				CLANG_WARN_UNREACHABLE_CODE = YES;
				CLANG_WARN__DUPLICATE_METHOD_MATCH = YES;
				COPY_PHASE_STRIP = NO;
				DEBUG_INFORMATION_FORMAT = dwarf;
				ENABLE_STRICT_OBJC_MSGSEND = YES;
				ENABLE_TESTABILITY = YES;
				GCC_C_LANGUAGE_STANDARD = gnu11;
				GCC_DYNAMIC_NO_PIC = NO;
				GCC_NO_COMMON_BLOCKS = YES;
				GCC_OPTIMIZATION_LEVEL = 0;
				GCC_PREPROCESSOR_DEFINITIONS = (
					"DEBUG=1",
					"$(inherited)",
				);
				GCC_WARN_64_TO_32_BIT_CONVERSION = YES;
				GCC_WARN_ABOUT_RETURN_TYPE = YES_ERROR;
				GCC_WARN_UNDECLARED_SELECTOR = YES;
				GCC_WARN_UNINITIALIZED_AUTOS = YES_AGGRESSIVE;
				GCC_WARN_UNUSED_FUNCTION = YES;
				GCC_WARN_UNUSED_VARIABLE = YES;
				IPHONEOS_DEPLOYMENT_TARGET = 16.2;
				MTL_ENABLE_DEBUG_INFO = INCLUDE_SOURCE;
				MTL_FAST_MATH = YES;
				ONLY_ACTIVE_ARCH = YES;
				SDKROOT = iphoneos;
				SWIFT_ACTIVE_COMPILATION_CONDITIONS = DEBUG;
				SWIFT_OPTIMIZATION_LEVEL = "-Onone";
			};
			name = Debug;
		};
		6444F7E52981256D00879DCB /* Release */ = {
			isa = XCBuildConfiguration;
			buildSettings = {
				ALWAYS_SEARCH_USER_PATHS = NO;
				CLANG_ANALYZER_NONNULL = YES;
				CLANG_ANALYZER_NUMBER_OBJECT_CONVERSION = YES_AGGRESSIVE;
				CLANG_CXX_LANGUAGE_STANDARD = "gnu++20";
				CLANG_ENABLE_MODULES = YES;
				CLANG_ENABLE_OBJC_ARC = YES;
				CLANG_ENABLE_OBJC_WEAK = YES;
				CLANG_WARN_BLOCK_CAPTURE_AUTORELEASING = YES;
				CLANG_WARN_BOOL_CONVERSION = YES;
				CLANG_WARN_COMMA = YES;
				CLANG_WARN_CONSTANT_CONVERSION = YES;
				CLANG_WARN_DEPRECATED_OBJC_IMPLEMENTATIONS = YES;
				CLANG_WARN_DIRECT_OBJC_ISA_USAGE = YES_ERROR;
				CLANG_WARN_DOCUMENTATION_COMMENTS = YES;
				CLANG_WARN_EMPTY_BODY = YES;
				CLANG_WARN_ENUM_CONVERSION = YES;
				CLANG_WARN_INFINITE_RECURSION = YES;
				CLANG_WARN_INT_CONVERSION = YES;
				CLANG_WARN_NON_LITERAL_NULL_CONVERSION = YES;
				CLANG_WARN_OBJC_IMPLICIT_RETAIN_SELF = YES;
				CLANG_WARN_OBJC_LITERAL_CONVERSION = YES;
				CLANG_WARN_OBJC_ROOT_CLASS = YES_ERROR;
				CLANG_WARN_QUOTED_INCLUDE_IN_FRAMEWORK_HEADER = YES;
				CLANG_WARN_RANGE_LOOP_ANALYSIS = YES;
				CLANG_WARN_STRICT_PROTOTYPES = YES;
				CLANG_WARN_SUSPICIOUS_MOVE = YES;
				CLANG_WARN_UNGUARDED_AVAILABILITY = YES_AGGRESSIVE;
				CLANG_WARN_UNREACHABLE_CODE = YES;
				CLANG_WARN__DUPLICATE_METHOD_MATCH = YES;
				COPY_PHASE_STRIP = NO;
				DEBUG_INFORMATION_FORMAT = "dwarf-with-dsym";
				ENABLE_NS_ASSERTIONS = NO;
				ENABLE_STRICT_OBJC_MSGSEND = YES;
				GCC_C_LANGUAGE_STANDARD = gnu11;
				GCC_NO_COMMON_BLOCKS = YES;
				GCC_WARN_64_TO_32_BIT_CONVERSION = YES;
				GCC_WARN_ABOUT_RETURN_TYPE = YES_ERROR;
				GCC_WARN_UNDECLARED_SELECTOR = YES;
				GCC_WARN_UNINITIALIZED_AUTOS = YES_AGGRESSIVE;
				GCC_WARN_UNUSED_FUNCTION = YES;
				GCC_WARN_UNUSED_VARIABLE = YES;
				IPHONEOS_DEPLOYMENT_TARGET = 16.2;
				MTL_ENABLE_DEBUG_INFO = NO;
				MTL_FAST_MATH = YES;
				SDKROOT = iphoneos;
				SWIFT_COMPILATION_MODE = wholemodule;
				SWIFT_OPTIMIZATION_LEVEL = "-O";
				VALIDATE_PRODUCT = YES;
			};
			name = Release;
		};
		6444F7E72981256D00879DCB /* Debug */ = {
			isa = XCBuildConfiguration;
			buildSettings = {
				ASSETCATALOG_COMPILER_APPICON_NAME = AppIcon;
				ASSETCATALOG_COMPILER_GLOBAL_ACCENT_COLOR_NAME = AccentColor;
				CODE_SIGN_STYLE = Automatic;
				CURRENT_PROJECT_VERSION = 1;
				DEVELOPMENT_ASSET_PATHS = "\"PokemonApp/Preview Content\"";
				DEVELOPMENT_TEAM = 5FC37NQ6S2;
				ENABLE_PREVIEWS = YES;
				GENERATE_INFOPLIST_FILE = YES;
				INFOPLIST_KEY_UIApplicationSceneManifest_Generation = YES;
				INFOPLIST_KEY_UIApplicationSupportsIndirectInputEvents = YES;
				INFOPLIST_KEY_UILaunchScreen_Generation = YES;
				INFOPLIST_KEY_UISupportedInterfaceOrientations_iPad = "UIInterfaceOrientationPortrait UIInterfaceOrientationPortraitUpsideDown UIInterfaceOrientationLandscapeLeft UIInterfaceOrientationLandscapeRight";
				INFOPLIST_KEY_UISupportedInterfaceOrientations_iPhone = "UIInterfaceOrientationPortrait UIInterfaceOrientationLandscapeLeft UIInterfaceOrientationLandscapeRight";
				LD_RUNPATH_SEARCH_PATHS = (
					"$(inherited)",
					"@executable_path/Frameworks",
				);
				MARKETING_VERSION = 1.0;
				PRODUCT_BUNDLE_IDENTIFIER = fladecx.PokemonApp;
				PRODUCT_NAME = "$(TARGET_NAME)";
				SWIFT_EMIT_LOC_STRINGS = YES;
				SWIFT_VERSION = 5.0;
				TARGETED_DEVICE_FAMILY = "1,2";
			};
			name = Debug;
		};
		6444F7E82981256D00879DCB /* Release */ = {
			isa = XCBuildConfiguration;
			buildSettings = {
				ASSETCATALOG_COMPILER_APPICON_NAME = AppIcon;
				ASSETCATALOG_COMPILER_GLOBAL_ACCENT_COLOR_NAME = AccentColor;
				CODE_SIGN_STYLE = Automatic;
				CURRENT_PROJECT_VERSION = 1;
				DEVELOPMENT_ASSET_PATHS = "\"PokemonApp/Preview Content\"";
				DEVELOPMENT_TEAM = 5FC37NQ6S2;
				ENABLE_PREVIEWS = YES;
				GENERATE_INFOPLIST_FILE = YES;
				INFOPLIST_KEY_UIApplicationSceneManifest_Generation = YES;
				INFOPLIST_KEY_UIApplicationSupportsIndirectInputEvents = YES;
				INFOPLIST_KEY_UILaunchScreen_Generation = YES;
				INFOPLIST_KEY_UISupportedInterfaceOrientations_iPad = "UIInterfaceOrientationPortrait UIInterfaceOrientationPortraitUpsideDown UIInterfaceOrientationLandscapeLeft UIInterfaceOrientationLandscapeRight";
				INFOPLIST_KEY_UISupportedInterfaceOrientations_iPhone = "UIInterfaceOrientationPortrait UIInterfaceOrientationLandscapeLeft UIInterfaceOrientationLandscapeRight";
				LD_RUNPATH_SEARCH_PATHS = (
					"$(inherited)",
					"@executable_path/Frameworks",
				);
				MARKETING_VERSION = 1.0;
				PRODUCT_BUNDLE_IDENTIFIER = fladecx.PokemonApp;
				PRODUCT_NAME = "$(TARGET_NAME)";
				SWIFT_EMIT_LOC_STRINGS = YES;
				SWIFT_VERSION = 5.0;
				TARGETED_DEVICE_FAMILY = "1,2";
			};
			name = Release;
		};
/* End XCBuildConfiguration section */

/* Begin XCConfigurationList section */
		6444F7D32981256B00879DCB /* Build configuration list for PBXProject "PokemonApp" */ = {
			isa = XCConfigurationList;
			buildConfigurations = (
				6444F7E42981256D00879DCB /* Debug */,
				6444F7E52981256D00879DCB /* Release */,
			);
			defaultConfigurationIsVisible = 0;
			defaultConfigurationName = Release;
		};
		6444F7E62981256D00879DCB /* Build configuration list for PBXNativeTarget "PokemonApp" */ = {
			isa = XCConfigurationList;
			buildConfigurations = (
				6444F7E72981256D00879DCB /* Debug */,
				6444F7E82981256D00879DCB /* Release */,
			);
			defaultConfigurationIsVisible = 0;
			defaultConfigurationName = Release;
		};
/* End XCConfigurationList section */

/* Begin XCRemoteSwiftPackageReference section */
		6444F8082981644900879DCB /* XCRemoteSwiftPackageReference "Alamofire" */ = {
			isa = XCRemoteSwiftPackageReference;
			repositoryURL = "https://github.com/Alamofire/Alamofire";
			requirement = {
				kind = upToNextMajorVersion;
				minimumVersion = 5.0.0;
			};
		};
/* End XCRemoteSwiftPackageReference section */

/* Begin XCSwiftPackageProductDependency section */
		6444F8092981644900879DCB /* Alamofire */ = {
			isa = XCSwiftPackageProductDependency;
			package = 6444F8082981644900879DCB /* XCRemoteSwiftPackageReference "Alamofire" */;
			productName = Alamofire;
		};
/* End XCSwiftPackageProductDependency section */
	};
	rootObject = 6444F7D02981256B00879DCB /* Project object */;
}
